
Microsoft Visual Studio Solution File, Format Version 12.00
# Visual Studio Version 16
VisualStudioVersion = 16.0.28407.52
MinimumVisualStudioVersion = 10.0.40219.1
Project("{FAE04EC0-301F-11D3-BF4B-00C04F79EFBC}") = "ChromeCast.Desktop.AudioStreamer", "ChromeCast.Desktop.AudioStreamer\ChromeCast.Desktop.AudioStreamer.csproj", "{4133DCC6-8CBF-4E67-B798-2EE414A5726C}"
EndProject
Project("{FAE04EC0-301F-11D3-BF4B-00C04F79EFBC}") = "MiniCast.Client", "MiniCast.Client\MiniCast.Client.csproj", "{A85680A5-F687-4CE5-B4FF-A299190C03CB}"
EndProject
Project("{9A19103F-16F7-4668-BE54-9A1E7A4F7556}") = "MiniCast.Hue", "MiniCast.Hue\MiniCast.Hue.csproj", "{504DB2DA-0101-4912-80D5-102A8F57D49F}"
EndProject
Project("{FAE04EC0-301F-11D3-BF4B-00C04F79EFBC}") = "ChromeCast.Library", "ChromeCast.Library\ChromeCast.Library.csproj", "{8572BFE0-F2D1-46CE-8221-A43DD0BD1780}"
EndProject
Global
	GlobalSection(SolutionConfigurationPlatforms) = preSolution
		Debug|Any CPU = Debug|Any CPU
		Release|Any CPU = Release|Any CPU
	EndGlobalSection
	GlobalSection(ProjectConfigurationPlatforms) = postSolution
		{4133DCC6-8CBF-4E67-B798-2EE414A5726C}.Debug|Any CPU.ActiveCfg = Debug|Any CPU
		{4133DCC6-8CBF-4E67-B798-2EE414A5726C}.Debug|Any CPU.Build.0 = Debug|Any CPU
		{4133DCC6-8CBF-4E67-B798-2EE414A5726C}.Release|Any CPU.ActiveCfg = Release|Any CPU
		{4133DCC6-8CBF-4E67-B798-2EE414A5726C}.Release|Any CPU.Build.0 = Release|Any CPU
		{A85680A5-F687-4CE5-B4FF-A299190C03CB}.Debug|Any CPU.ActiveCfg = Debug|Any CPU
		{A85680A5-F687-4CE5-B4FF-A299190C03CB}.Debug|Any CPU.Build.0 = Debug|Any CPU
		{A85680A5-F687-4CE5-B4FF-A299190C03CB}.Release|Any CPU.ActiveCfg = Release|Any CPU
		{A85680A5-F687-4CE5-B4FF-A299190C03CB}.Release|Any CPU.Build.0 = Release|Any CPU
		{504DB2DA-0101-4912-80D5-102A8F57D49F}.Debug|Any CPU.ActiveCfg = Debug|Any CPU
		{504DB2DA-0101-4912-80D5-102A8F57D49F}.Debug|Any CPU.Build.0 = Debug|Any CPU
		{504DB2DA-0101-4912-80D5-102A8F57D49F}.Release|Any CPU.ActiveCfg = Release|Any CPU
		{504DB2DA-0101-4912-80D5-102A8F57D49F}.Release|Any CPU.Build.0 = Release|Any CPU
		{8572BFE0-F2D1-46CE-8221-A43DD0BD1780}.Debug|Any CPU.ActiveCfg = Debug|Any CPU
		{8572BFE0-F2D1-46CE-8221-A43DD0BD1780}.Debug|Any CPU.Build.0 = Debug|Any CPU
		{8572BFE0-F2D1-46CE-8221-A43DD0BD1780}.Release|Any CPU.ActiveCfg = Release|Any CPU
		{8572BFE0-F2D1-46CE-8221-A43DD0BD1780}.Release|Any CPU.Build.0 = Release|Any CPU
	EndGlobalSection
	GlobalSection(SolutionProperties) = preSolution
		HideSolutionNode = FALSE
	EndGlobalSection
	GlobalSection(ExtensibilityGlobals) = postSolution
		SolutionGuid = {14054FCC-735C-4267-88D1-D992323DA0F9}
	EndGlobalSection
EndGlobal
